
Microsoft Visual Studio Solution File, Format Version 12.00
# Visual Studio Version 17
VisualStudioVersion = 17.2.32616.157
MinimumVisualStudioVersion = 10.0.40219.1
Project("{FAE04EC0-301F-11D3-BF4B-00C04F79EFBC}") = "api", "backend\api.csproj", "{B3036FE4-4952-4228-A139-371EA1AA3845}"
EndProject
Global
	GlobalSection(SolutionConfigurationPlatforms) = preSolution
		Debug|Any CPU = Debug|Any CPU
		Release|Any CPU = Release|Any CPU
	EndGlobalSection
	GlobalSection(ProjectConfigurationPlatforms) = postSolution
		{B3036FE4-4952-4228-A139-371EA1AA3845}.Debug|Any CPU.ActiveCfg = Debug|Any CPU
		{B3036FE4-4952-4228-A139-371EA1AA3845}.Debug|Any CPU.Build.0 = Debug|Any CPU
		{B3036FE4-4952-4228-A139-371EA1AA3845}.Release|Any CPU.ActiveCfg = Release|Any CPU
		{B3036FE4-4952-4228-A139-371EA1AA3845}.Release|Any CPU.Build.0 = Release|Any CPU
	EndGlobalSection
	GlobalSection(SolutionProperties) = preSolution
		HideSolutionNode = FALSE
	EndGlobalSection
	GlobalSection(ExtensibilityGlobals) = postSolution
		SolutionGuid = {54EB2509-5A83-4C55-9A90-572E0BFB5F3C}
	EndGlobalSection
EndGlobal
